
Microsoft Visual Studio Solution File, Format Version 12.00
# Visual Studio 15
VisualStudioVersion = 15.0.26430.16
MinimumVisualStudioVersion = 10.0.40219.1
Project("{FAE04EC0-301F-11D3-BF4B-00C04F79EFBC}") = "iasset technical test", "iasset.DeveloperTechnicalTest\iasset technical test.csproj", "{624A4475-6F01-4EAC-B61D-B81DD955FB5F}"
EndProject
Project("{FAE04EC0-301F-11D3-BF4B-00C04F79EFBC}") = "iasset.DeveloperTechnicalTest.Tests", "iasset.DeveloperTechnicalTest.Tests\iasset.DeveloperTechnicalTest.Tests.csproj", "{64579D19-AB56-4E11-AF6C-5F004C6487AF}"
EndProject
Project("{FAE04EC0-301F-11D3-BF4B-00C04F79EFBC}") = "iasset.DeveloperTechnicalTest.Core", "iasset.DeveloperTechnicalTest.Core\iasset.DeveloperTechnicalTest.Core.csproj", "{D3CFCF18-6DCC-4D77-802A-776623B7FD3C}"
EndProject
Project("{FAE04EC0-301F-11D3-BF4B-00C04F79EFBC}") = "iasset.DeveloperTechnicalTest.External", "iasset.DeveloperTechnicalTest.External\iasset.DeveloperTechnicalTest.External.csproj", "{376FE5C2-3AD4-44CB-A959-19ED11405D68}"
EndProject
Global
	GlobalSection(SolutionConfigurationPlatforms) = preSolution
		Debug|Any CPU = Debug|Any CPU
		Release|Any CPU = Release|Any CPU
	EndGlobalSection
	GlobalSection(ProjectConfigurationPlatforms) = postSolution
		{624A4475-6F01-4EAC-B61D-B81DD955FB5F}.Debug|Any CPU.ActiveCfg = Debug|Any CPU
		{624A4475-6F01-4EAC-B61D-B81DD955FB5F}.Debug|Any CPU.Build.0 = Debug|Any CPU
		{624A4475-6F01-4EAC-B61D-B81DD955FB5F}.Release|Any CPU.ActiveCfg = Release|Any CPU
		{624A4475-6F01-4EAC-B61D-B81DD955FB5F}.Release|Any CPU.Build.0 = Release|Any CPU
		{64579D19-AB56-4E11-AF6C-5F004C6487AF}.Debug|Any CPU.ActiveCfg = Debug|Any CPU
		{64579D19-AB56-4E11-AF6C-5F004C6487AF}.Debug|Any CPU.Build.0 = Debug|Any CPU
		{64579D19-AB56-4E11-AF6C-5F004C6487AF}.Release|Any CPU.ActiveCfg = Release|Any CPU
		{64579D19-AB56-4E11-AF6C-5F004C6487AF}.Release|Any CPU.Build.0 = Release|Any CPU
		{D3CFCF18-6DCC-4D77-802A-776623B7FD3C}.Debug|Any CPU.ActiveCfg = Debug|Any CPU
		{D3CFCF18-6DCC-4D77-802A-776623B7FD3C}.Debug|Any CPU.Build.0 = Debug|Any CPU
		{D3CFCF18-6DCC-4D77-802A-776623B7FD3C}.Release|Any CPU.ActiveCfg = Release|Any CPU
		{D3CFCF18-6DCC-4D77-802A-776623B7FD3C}.Release|Any CPU.Build.0 = Release|Any CPU
		{376FE5C2-3AD4-44CB-A959-19ED11405D68}.Debug|Any CPU.ActiveCfg = Debug|Any CPU
		{376FE5C2-3AD4-44CB-A959-19ED11405D68}.Debug|Any CPU.Build.0 = Debug|Any CPU
		{376FE5C2-3AD4-44CB-A959-19ED11405D68}.Release|Any CPU.ActiveCfg = Release|Any CPU
		{376FE5C2-3AD4-44CB-A959-19ED11405D68}.Release|Any CPU.Build.0 = Release|Any CPU
	EndGlobalSection
	GlobalSection(SolutionProperties) = preSolution
		HideSolutionNode = FALSE
	EndGlobalSection
EndGlobal
